# THIS IS AN AUTOGENERATED FILE. DO NOT EDIT THIS FILE DIRECTLY.
# yarn lockfile v1


"@babel/cli@^7.0.0":
  version "7.12.10"
  resolved "https://registry.yarnpkg.com/@babel/cli/-/cli-7.12.10.tgz"
  integrity sha512-+y4ZnePpvWs1fc/LhZRTHkTesbXkyBYuOB+5CyodZqrEuETXi3zOVfpAQIdgC3lXbHLTDG9dQosxR9BhvLKDLQ==
  dependencies:
    commander "^4.0.1"
    convert-source-map "^1.1.0"
    fs-readdir-recursive "^1.1.0"
    glob "^7.0.0"
    lodash "^4.17.19"
    make-dir "^2.1.0"
    slash "^2.0.0"
    source-map "^0.5.0"
  optionalDependencies:
    "@nicolo-ribaudo/chokidar-2" "2.1.8-no-fsevents"
    chokidar "^3.4.0"

"@babel/code-frame@^7.0.0", "@babel/code-frame@^7.8.3":
  version "7.8.3"
  resolved "https://registry.yarnpkg.com/@babel/code-frame/-/code-frame-7.8.3.tgz"
  integrity sha512-a9gxpmdXtZEInkCSHUJDLHZVBgb1QS0jhss4cPP93EW7s+uC5bikET2twEF3KV+7rDblJcmNvTR7VJejqd2C2g==
  dependencies:
    "@babel/highlight" "^7.8.3"

"@babel/code-frame@^7.10.4", "@babel/code-frame@^7.12.11":
  version "7.12.11"
  resolved "https://registry.yarnpkg.com/@babel/code-frame/-/code-frame-7.12.11.tgz"
  integrity sha512-Zt1yodBx1UcyiePMSkWnU4hPqhwq7hGi2nFL1LeA3EUl+q2LQx16MISgJ0+z7dnmgvP9QtIleuETGOiOH1RcIw==
  dependencies:
    "@babel/highlight" "^7.10.4"

"@babel/compat-data@^7.12.5", "@babel/compat-data@^7.12.7":
  version "7.12.7"
  resolved "https://registry.yarnpkg.com/@babel/compat-data/-/compat-data-7.12.7.tgz"
  integrity sha512-YaxPMGs/XIWtYqrdEOZOCPsVWfEoriXopnsz3/i7apYPXQ3698UFhS6dVT1KN5qOsWmVgw/FOrmQgpRaZayGsw==

makeerror@1.0.x:
  version "1.0.11"
  resolved "https://registry.yarnpkg.com/makeerror/-/makeerror-1.0.11.tgz"
  integrity sha1-4BpckQnyr3lmDk6LlYd5AYT1qWw=
  dependencies:
    tmpl "1.0.x"

map-cache@^0.2.2:
  version "0.2.2"
  resolved "https://registry.yarnpkg.com/map-cache/-/map-cache-0.2.2.tgz"
  integrity sha1-wyq9C9ZSXZsFFkW7TyasXcmKDb8=

map-visit@^1.0.0:
  version "1.0.0"
  resolved "https://registry.yarnpkg.com/map-visit/-/map-visit-1.0.0.tgz"
  integrity sha1-7Nyo8TFE5mDxtb1B8S80edmN+48=
  dependencies:
    object-visit "^1.0.0"

md5.js@^1.3.4:
  version "1.3.5"
  resolved "https://registry.yarnpkg.com/md5.js/-/md5.js-1.3.5.tgz"
  integrity sha512-xitP+WxNPcTTOgnTJcrhM0xvdPepipPSf3I8EIpGKeFLjt3PlJLIDG3u8EX53ZIubkb+5U2+3rELYpEhHhzdkg==
  dependencies:
    hash-base "^3.0.0"
    inherits "^2.0.1"
    safe-buffer "^5.1.2"

write-file-atomic@2.4.1:
  version "2.4.1"
  resolved "https://registry.yarnpkg.com/write-file-atomic/-/write-file-atomic-2.4.1.tgz"
  integrity sha512-TGHFeZEZMnv+gBFRfjAcxL5bPHrsGKtnb4qsFAws7/vlh+QfwAaySIw4AXP9ZskTTh5GWu3FLuJhsWVdiJPGvg==
  dependencies:
    graceful-fs "^4.1.11"
    imurmurhash "^0.1.4"
    signal-exit "^3.0.2"

ws@^5.2.0:
  version "5.2.2"
  resolved "https://registry.yarnpkg.com/ws/-/ws-5.2.2.tgz"
  integrity sha512-jaHFD6PFv6UgoIVda6qZllptQsMlDEJkTQcybzzXDYM1XO9Y8em691FGMPmM46WGyLU4z9KMgQN+qrux/nhlHA==
  dependencies:
    async-limiter "~1.0.0"

xml-name-validator@^3.0.0:
  version "3.0.0"
  resolved "https://registry.yarnpkg.com/xml-name-validator/-/xml-name-validator-3.0.0.tgz"
  integrity sha512-A5CUptxDsvxKJEU3yO6DuWBSJz/qizqzJKOMIfUJHETbBw/sFaDxgd6fxm1ewUaM0jZ444Fc5vC5ROYurg/4Pw==

xtend@^4.0.0, xtend@~4.0.1:
  version "4.0.2"
  resolved "https://registry.yarnpkg.com/xtend/-/xtend-4.0.2.tgz"
  integrity sha512-LKYU1iAXJXUgAXn9URjiu+MWhyUXHsvfp7mcuYm9dSUKK0/CjtrUwFAxD82/mCWbtLsGjFIad0wIsod4zrTAEQ==

y18n@^4.0.0:
  version "4.0.0"
  resolved "https://registry.yarnpkg.com/y18n/-/y18n-4.0.0.tgz"
  integrity sha512-r9S/ZyXu/Xu9q1tYlpsLIsa3EeLXXk0VwlxqTcFRfg9EhMW+17kbt9G0NrgCmhGb5vT2hyhJZLfDGx+7+5Uj/w==

yallist@^2.1.2:
  version "2.1.2"
  resolved "https://registry.yarnpkg.com/yallist/-/yallist-2.1.2.tgz"
  integrity sha1-HBH5IY8HYImkfdUS+TxmmaaoHVI=

yallist@^3.0.2:
  version "3.1.1"
  resolved "https://registry.yarnpkg.com/yallist/-/yallist-3.1.1.tgz"
  integrity sha512-a4UGQaWPH59mOXUYnAG2ewncQS4i4F43Tv3JoAM+s2VDAmS9NsK8GpDMLrCHPksFT7h3K6TOoUNn2pb7RoXx4g==

yargs-parser@^13.1.2:
  version "13.1.2"
  resolved "https://registry.yarnpkg.com/yargs-parser/-/yargs-parser-13.1.2.tgz"
  integrity sha512-3lbsNRf/j+A4QuSZfDRA7HRSfWrzO0YjqTJd5kjAq37Zep1CEgaYmrH9Q3GwPiB9cHyd1Y1UwggGhJGoxipbzg==
  dependencies:
    camelcase "^5.0.0"
    decamelize "^1.2.0"